# This file is automatically @generated by Poetry 1.7.1 and should not be changed by hand.

[[package]]
name = "duckdb"
version = "0.9.2"
description = "DuckDB embedded database"
optional = false
python-versions = ">=3.7.0"
files = [
    {file = "duckdb-0.9.2-cp310-cp310-macosx_10_9_universal2.whl", hash = "sha256:aadcea5160c586704c03a8a796c06a8afffbefefb1986601104a60cb0bfdb5ab"},
    {file = "duckdb-0.9.2-cp310-cp310-macosx_10_9_x86_64.whl", hash = "sha256:08215f17147ed83cbec972175d9882387366de2ed36c21cbe4add04b39a5bcb4"},
    {file = "duckdb-0.9.2-cp310-cp310-macosx_11_0_arm64.whl", hash = "sha256:ee6c2a8aba6850abef5e1be9dbc04b8e72a5b2c2b67f77892317a21fae868fe7"},
    {file = "duckdb-0.9.2-cp310-cp310-manylinux_2_17_aarch64.manylinux2014_aarch64.whl", hash = "sha256:1ff49f3da9399900fd58b5acd0bb8bfad22c5147584ad2427a78d937e11ec9d0"},
    {file = "duckdb-0.9.2-cp310-cp310-manylinux_2_17_x86_64.manylinux2014_x86_64.whl", hash = "sha256:dd5ac5baf8597efd2bfa75f984654afcabcd698342d59b0e265a0bc6f267b3f0"},
    {file = "duckdb-0.9.2-cp310-cp310-musllinux_1_1_x86_64.whl", hash = "sha256:81c6df905589a1023a27e9712edb5b724566587ef280a0c66a7ec07c8083623b"},
    {file = "duckdb-0.9.2-cp310-cp310-win32.whl", hash = "sha256:a298cd1d821c81d0dec8a60878c4b38c1adea04a9675fb6306c8f9083bbf314d"},
    {file = "duckdb-0.9.2-cp310-cp310-win_amd64.whl", hash = "sha256:492a69cd60b6cb4f671b51893884cdc5efc4c3b2eb76057a007d2a2295427173"},
    {file = "duckdb-0.9.2-cp311-cp311-macosx_10_9_universal2.whl", hash = "sha256:061a9ea809811d6e3025c5de31bc40e0302cfb08c08feefa574a6491e882e7e8"},
    {file = "duckdb-0.9.2-cp311-cp311-macosx_10_9_x86_64.whl", hash = "sha256:a43f93be768af39f604b7b9b48891f9177c9282a408051209101ff80f7450d8f"},
    {file = "duckdb-0.9.2-cp311-cp311-macosx_11_0_arm64.whl", hash = "sha256:ac29c8c8f56fff5a681f7bf61711ccb9325c5329e64f23cb7ff31781d7b50773"},
    {file = "duckdb-0.9.2-cp311-cp311-manylinux_2_17_aarch64.manylinux2014_aarch64.whl", hash = "sha256:b14d98d26bab139114f62ade81350a5342f60a168d94b27ed2c706838f949eda"},
    {file = "duckdb-0.9.2-cp311-cp311-manylinux_2_17_x86_64.manylinux2014_x86_64.whl", hash = "sha256:796a995299878913e765b28cc2b14c8e44fae2f54ab41a9ee668c18449f5f833"},
    {file = "duckdb-0.9.2-cp311-cp311-musllinux_1_1_x86_64.whl", hash = "sha256:6cb64ccfb72c11ec9c41b3cb6181b6fd33deccceda530e94e1c362af5f810ba1"},
    {file = "duckdb-0.9.2-cp311-cp311-win32.whl", hash = "sha256:930740cb7b2cd9e79946e1d3a8f66e15dc5849d4eaeff75c8788d0983b9256a5"},
    {file = "duckdb-0.9.2-cp311-cp311-win_amd64.whl", hash = "sha256:c28f13c45006fd525001b2011cdf91fa216530e9751779651e66edc0e446be50"},
    {file = "duckdb-0.9.2-cp37-cp37m-macosx_10_9_x86_64.whl", hash = "sha256:fbce7bbcb4ba7d99fcec84cec08db40bc0dd9342c6c11930ce708817741faeeb"},
    {file = "duckdb-0.9.2-cp37-cp37m-manylinux_2_17_aarch64.manylinux2014_aarch64.whl", hash = "sha256:15a82109a9e69b1891f0999749f9e3265f550032470f51432f944a37cfdc908b"},
    {file = "duckdb-0.9.2-cp37-cp37m-manylinux_2_17_x86_64.manylinux2014_x86_64.whl", hash = "sha256:9490fb9a35eb74af40db5569d90df8a04a6f09ed9a8c9caa024998c40e2506aa"},
    {file = "duckdb-0.9.2-cp37-cp37m-musllinux_1_1_x86_64.whl", hash = "sha256:696d5c6dee86c1a491ea15b74aafe34ad2b62dcd46ad7e03b1d00111ca1a8c68"},
    {file = "duckdb-0.9.2-cp37-cp37m-win32.whl", hash = "sha256:4f0935300bdf8b7631ddfc838f36a858c1323696d8c8a2cecbd416bddf6b0631"},
    {file = "duckdb-0.9.2-cp37-cp37m-win_amd64.whl", hash = "sha256:0aab900f7510e4d2613263865570203ddfa2631858c7eb8cbed091af6ceb597f"},
    {file = "duckdb-0.9.2-cp38-cp38-macosx_10_9_universal2.whl", hash = "sha256:7d8130ed6a0c9421b135d0743705ea95b9a745852977717504e45722c112bf7a"},
    {file = "duckdb-0.9.2-cp38-cp38-macosx_10_9_x86_64.whl", hash = "sha256:974e5de0294f88a1a837378f1f83330395801e9246f4e88ed3bfc8ada65dcbee"},
    {file = "duckdb-0.9.2-cp38-cp38-macosx_11_0_arm64.whl", hash = "sha256:4fbc297b602ef17e579bb3190c94d19c5002422b55814421a0fc11299c0c1100"},
    {file = "duckdb-0.9.2-cp38-cp38-manylinux_2_17_aarch64.manylinux2014_aarch64.whl", hash = "sha256:1dd58a0d84a424924a35b3772419f8cd78a01c626be3147e4934d7a035a8ad68"},
    {file = "duckdb-0.9.2-cp38-cp38-manylinux_2_17_x86_64.manylinux2014_x86_64.whl", hash = "sha256:11a1194a582c80dfb57565daa06141727e415ff5d17e022dc5f31888a5423d33"},
    {file = "duckdb-0.9.2-cp38-cp38-musllinux_1_1_x86_64.whl", hash = "sha256:be45d08541002a9338e568dca67ab4f20c0277f8f58a73dfc1435c5b4297c996"},
    {file = "duckdb-0.9.2-cp38-cp38-win32.whl", hash = "sha256:dd6f88aeb7fc0bfecaca633629ff5c986ac966fe3b7dcec0b2c48632fd550ba2"},
    {file = "duckdb-0.9.2-cp38-cp38-win_amd64.whl", hash = "sha256:28100c4a6a04e69aa0f4a6670a6d3d67a65f0337246a0c1a429f3f28f3c40b9a"},
    {file = "duckdb-0.9.2-cp39-cp39-macosx_10_9_universal2.whl", hash = "sha256:7ae5bf0b6ad4278e46e933e51473b86b4b932dbc54ff097610e5b482dd125552"},
    {file = "duckdb-0.9.2-cp39-cp39-macosx_10_9_x86_64.whl", hash = "sha256:e5d0bb845a80aa48ed1fd1d2d285dd352e96dc97f8efced2a7429437ccd1fe1f"},
    {file = "duckdb-0.9.2-cp39-cp39-macosx_11_0_arm64.whl", hash = "sha256:4ce262d74a52500d10888110dfd6715989926ec936918c232dcbaddb78fc55b4"},
    {file = "duckdb-0.9.2-cp39-cp39-manylinux_2_17_aarch64.manylinux2014_aarch64.whl", hash = "sha256:6935240da090a7f7d2666f6d0a5e45ff85715244171ca4e6576060a7f4a1200e"},
    {file = "duckdb-0.9.2-cp39-cp39-manylinux_2_17_x86_64.manylinux2014_x86_64.whl", hash = "sha256:a5cfb93e73911696a98b9479299d19cfbc21dd05bb7ab11a923a903f86b4d06e"},
    {file = "duckdb-0.9.2-cp39-cp39-musllinux_1_1_x86_64.whl", hash = "sha256:64e3bc01751f31e7572d2716c3e8da8fe785f1cdc5be329100818d223002213f"},
    {file = "duckdb-0.9.2-cp39-cp39-win32.whl", hash = "sha256:6e5b80f46487636368e31b61461940e3999986359a78660a50dfdd17dd72017c"},
    {file = "duckdb-0.9.2-cp39-cp39-win_amd64.whl", hash = "sha256:e6142a220180dbeea4f341708bd5f9501c5c962ce7ef47c1cadf5e8810b4cb13"},
    {file = "duckdb-0.9.2.tar.gz", hash = "sha256:3843afeab7c3fc4a4c0b53686a4cc1d9cdbdadcbb468d60fef910355ecafd447"},
]

[metadata]
lock-version = "2.0"
python-versions = "^3.11"
content-hash = "951851d1b4d40fb711f6660cfb70f8f0c802938a1d54fa693001465d3512abd2"
